// !$*UTF8*$!
{
	archiveVersion = 1;
	classes = {
	};
	objectVersion = 46;
	objects = {

/* Begin PBXBuildFile section */
		95DF744F1CD7F09C00EF91B2 /* AppDelegate.swift in Sources */ = {isa = PBXBuildFile; fileRef = 95DF744E1CD7F09C00EF91B2 /* AppDelegate.swift */; };
		95DF74511CD7F09C00EF91B2 /* ViewController.swift in Sources */ = {isa = PBXBuildFile; fileRef = 95DF74501CD7F09C00EF91B2 /* ViewController.swift */; };
		95DF74541CD7F09C00EF91B2 /* Main.storyboard in Resources */ = {isa = PBXBuildFile; fileRef = 95DF74521CD7F09C00EF91B2 /* Main.storyboard */; };
		95DF74561CD7F09C00EF91B2 /* Assets.xcassets in Resources */ = {isa = PBXBuildFile; fileRef = 95DF74551CD7F09C00EF91B2 /* Assets.xcassets */; };
		95DF74591CD7F09C00EF91B2 /* LaunchScreen.storyboard in Resources */ = {isa = PBXBuildFile; fileRef = 95DF74571CD7F09C00EF91B2 /* LaunchScreen.storyboard */; };
/* End PBXBuildFile section */

/* Begin PBXFileReference section */
		95DF744B1CD7F09C00EF91B2 /* wckiev-api-swift.app */ = {isa = PBXFileReference; explicitFileType = wrapper.application; includeInIndex = 0; path = "wckiev-api-swift.app"; sourceTree = BUILT_PRODUCTS_DIR; };
		95DF744E1CD7F09C00EF91B2 /* AppDelegate.swift */ = {isa = PBXFileReference; lastKnownFileType = sourcecode.swift; path = AppDelegate.swift; sourceTree = "<group>"; };
		95DF74501CD7F09C00EF91B2 /* ViewController.swift */ = {isa = PBXFileReference; lastKnownFileType = sourcecode.swift; path = ViewController.swift; sourceTree = "<group>"; };
		95DF74531CD7F09C00EF91B2 /* Base */ = {isa = PBXFileReference; lastKnownFileType = file.storyboard; name = Base; path = Base.lproj/Main.storyboard; sourceTree = "<group>"; };
		95DF74551CD7F09C00EF91B2 /* Assets.xcassets */ = {isa = PBXFileReference; lastKnownFileType = folder.assetcatalog; path = Assets.xcassets; sourceTree = "<group>"; };
		95DF74581CD7F09C00EF91B2 /* Base */ = {isa = PBXFileReference; lastKnownFileType = file.storyboard; name = Base; path = Base.lproj/LaunchScreen.storyboard; sourceTree = "<group>"; };
		95DF745A1CD7F09C00EF91B2 /* Info.plist */ = {isa = PBXFileReference; lastKnownFileType = text.plist.xml; path = Info.plist; sourceTree = "<group>"; };
/* End PBXFileReference section */

/* Begin PBXFrameworksBuildPhase section */
		95DF74481CD7F09C00EF91B2 /* Frameworks */ = {
			isa = PBXFrameworksBuildPhase;
			buildActionMask = 2147483647;
			files = (
			);
			runOnlyForDeploymentPostprocessing = 0;
		};
/* End PBXFrameworksBuildPhase section */

/* Begin PBXGroup section */
		95DF74421CD7F09C00EF91B2 = {
			isa = PBXGroup;
			children = (
				95DF744D1CD7F09C00EF91B2 /* wckiev-api-swift */,
				95DF744C1CD7F09C00EF91B2 /* Products */,
			);
			sourceTree = "<group>";
		};
		95DF744C1CD7F09C00EF91B2 /* Products */ = {
			isa = PBXGroup;
			children = (
				95DF744B1CD7F09C00EF91B2 /* wckiev-api-swift.app */,
			);
			name = Products;
			sourceTree = "<group>";
		};
		95DF744D1CD7F09C00EF91B2 /* wckiev-api-swift */ = {
			isa = PBXGroup;
			children = (
				95DF744E1CD7F09C00EF91B2 /* AppDelegate.swift */,
				95DF74501CD7F09C00EF91B2 /* ViewController.swift */,
				95DF74521CD7F09C00EF91B2 /* Main.storyboard */,
				95DF74551CD7F09C00EF91B2 /* Assets.xcassets */,
				95DF74571CD7F09C00EF91B2 /* LaunchScreen.storyboard */,
				95DF745A1CD7F09C00EF91B2 /* Info.plist */,
			);
			path = "wckiev-api-swift";
			sourceTree = "<group>";
		};
/* End PBXGroup section */

/* Begin PBXNativeTarget section */
		95DF744A1CD7F09C00EF91B2 /* wckiev-api-swift */ = {
			isa = PBXNativeTarget;
			buildConfigurationList = 95DF745D1CD7F09C00EF91B2 /* Build configuration list for PBXNativeTarget "wckiev-api-swift" */;
			buildPhases = (
				95DF74471CD7F09C00EF91B2 /* Sources */,
				95DF74481CD7F09C00EF91B2 /* Frameworks */,
				95DF74491CD7F09C00EF91B2 /* Resources */,
			);
			buildRules = (
			);
			dependencies = (
			);
			name = "wckiev-api-swift";
			productName = "wckiev-api-swift";
			productReference = 95DF744B1CD7F09C00EF91B2 /* wckiev-api-swift.app */;
			productType = "com.apple.product-type.application";
		};
/* End PBXNativeTarget section */

/* Begin PBXProject section */
		95DF74431CD7F09C00EF91B2 /* Project object */ = {
			isa = PBXProject;
			attributes = {
				LastSwiftUpdateCheck = 0730;
				LastUpgradeCheck = 0730;
				ORGANIZATIONNAME = "Serge Moskalenko";
				TargetAttributes = {
					95DF744A1CD7F09C00EF91B2 = {
						CreatedOnToolsVersion = 7.3;
					};
				};
			};
			buildConfigurationList = 95DF74461CD7F09C00EF91B2 /* Build configuration list for PBXProject "wckiev-api-swift" */;
			compatibilityVersion = "Xcode 3.2";
			developmentRegion = English;
			hasScannedForEncodings = 0;
			knownRegions = (
				en,
				Base,
			);
			mainGroup = 95DF74421CD7F09C00EF91B2;
			productRefGroup = 95DF744C1CD7F09C00EF91B2 /* Products */;
			projectDirPath = "";
			projectRoot = "";
			targets = (
				95DF744A1CD7F09C00EF91B2 /* wckiev-api-swift */,
			);
		};
/* End PBXProject section */

/* Begin PBXResourcesBuildPhase section */
		95DF74491CD7F09C00EF91B2 /* Resources */ = {
			isa = PBXResourcesBuildPhase;
			buildActionMask = 2147483647;
			files = (
				95DF74591CD7F09C00EF91B2 /* LaunchScreen.storyboard in Resources */,
				95DF74561CD7F09C00EF91B2 /* Assets.xcassets in Resources */,
				95DF74541CD7F09C00EF91B2 /* Main.storyboard in Resources */,
			);
			runOnlyForDeploymentPostprocessing = 0;
		};
/* End PBXResourcesBuildPhase section */

/* Begin PBXSourcesBuildPhase section */
		95DF74471CD7F09C00EF91B2 /* Sources */ = {
			isa = PBXSourcesBuildPhase;
			buildActionMask = 2147483647;
			files = (
				95DF74511CD7F09C00EF91B2 /* ViewController.swift in Sources */,
				95DF744F1CD7F09C00EF91B2 /* AppDelegate.swift in Sources */,
			);
			runOnlyForDeploymentPostprocessing = 0;
		};
/* End PBXSourcesBuildPhase section */

/* Begin PBXVariantGroup section */
		95DF74521CD7F09C00EF91B2 /* Main.storyboard */ = {
			isa = PBXVariantGroup;
			children = (
				95DF74531CD7F09C00EF91B2 /* Base */,
			);
			name = Main.storyboard;
			sourceTree = "<group>";
		};
		95DF74571CD7F09C00EF91B2 /* LaunchScreen.storyboard */ = {
			isa = PBXVariantGroup;
			children = (
				95DF74581CD7F09C00EF91B2 /* Base */,
			);
			name = LaunchScreen.storyboard;
			sourceTree = "<group>";
		};
/* End PBXVariantGroup section */

/* Begin XCBuildConfiguration section */
		95DF745B1CD7F09C00EF91B2 /* Debug */ = {
			isa = XCBuildConfiguration;
			buildSettings = {
				ALWAYS_SEARCH_USER_PATHS = NO;
				CLANG_ANALYZER_NONNULL = YES;
				CLANG_CXX_LANGUAGE_STANDARD = "gnu++0x";
				CLANG_CXX_LIBRARY = "libc++";
				CLANG_ENABLE_MODULES = YES;
				CLANG_ENABLE_OBJC_ARC = YES;
				CLANG_WARN_BOOL_CONVERSION = YES;
				CLANG_WARN_CONSTANT_CONVERSION = YES;
				CLANG_WARN_DIRECT_OBJC_ISA_USAGE = YES_ERROR;
				CLANG_WARN_EMPTY_BODY = YES;
				CLANG_WARN_ENUM_CONVERSION = YES;
				CLANG_WARN_INT_CONVERSION = YES;
				CLANG_WARN_OBJC_ROOT_CLASS = YES_ERROR;
				CLANG_WARN_UNREACHABLE_CODE = YES;
				CLANG_WARN__DUPLICATE_METHOD_MATCH = YES;
				"CODE_SIGN_IDENTITY[sdk=iphoneos*]" = "iPhone Developer";
				COPY_PHASE_STRIP = NO;
				DEBUG_INFORMATION_FORMAT = dwarf;
				ENABLE_STRICT_OBJC_MSGSEND = YES;
				ENABLE_TESTABILITY = YES;
				GCC_C_LANGUAGE_STANDARD = gnu99;
				GCC_DYNAMIC_NO_PIC = NO;
				GCC_NO_COMMON_BLOCKS = YES;
				GCC_OPTIMIZATION_LEVEL = 0;
				GCC_PREPROCESSOR_DEFINITIONS = (
					"DEBUG=1",
					"$(inherited)",
				);
				GCC_WARN_64_TO_32_BIT_CONVERSION = YES;
				GCC_WARN_ABOUT_RETURN_TYPE = YES_ERROR;
				GCC_WARN_UNDECLARED_SELECTOR = YES;
				GCC_WARN_UNINITIALIZED_AUTOS = YES_AGGRESSIVE;
				GCC_WARN_UNUSED_FUNCTION = YES;
				GCC_WARN_UNUSED_VARIABLE = YES;
				IPHONEOS_DEPLOYMENT_TARGET = 9.3;
				MTL_ENABLE_DEBUG_INFO = YES;
				ONLY_ACTIVE_ARCH = YES;
				SDKROOT = iphoneos;
				SWIFT_OPTIMIZATION_LEVEL = "-Onone";
				TARGETED_DEVICE_FAMILY = "1,2";
			};
			name = Debug;
		};
		95DF745C1CD7F09C00EF91B2 /* Release */ = {
			isa = XCBuildConfiguration;
			buildSettings = {
				ALWAYS_SEARCH_USER_PATHS = NO;
				CLANG_ANALYZER_NONNULL = YES;
				CLANG_CXX_LANGUAGE_STANDARD = "gnu++0x";
				CLANG_CXX_LIBRARY = "libc++";
				CLANG_ENABLE_MODULES = YES;
				CLANG_ENABLE_OBJC_ARC = YES;
				CLANG_WARN_BOOL_CONVERSION = YES;
				CLANG_WARN_CONSTANT_CONVERSION = YES;
				CLANG_WARN_DIRECT_OBJC_ISA_USAGE = YES_ERROR;
				CLANG_WARN_EMPTY_BODY = YES;
				CLANG_WARN_ENUM_CONVERSION = YES;
				CLANG_WARN_INT_CONVERSION = YES;
				CLANG_WARN_OBJC_ROOT_CLASS = YES_ERROR;
				CLANG_WARN_UNREACHABLE_CODE = YES;
				CLANG_WARN__DUPLICATE_METHOD_MATCH = YES;
				"CODE_SIGN_IDENTITY[sdk=iphoneos*]" = "iPhone Developer";
				COPY_PHASE_STRIP = NO;
				DEBUG_INFORMATION_FORMAT = "dwarf-with-dsym";
				ENABLE_NS_ASSERTIONS = NO;
				ENABLE_STRICT_OBJC_MSGSEND = YES;
				GCC_C_LANGUAGE_STANDARD = gnu99;
				GCC_NO_COMMON_BLOCKS = YES;
				GCC_WARN_64_TO_32_BIT_CONVERSION = YES;
				GCC_WARN_ABOUT_RETURN_TYPE = YES_ERROR;
				GCC_WARN_UNDECLARED_SELECTOR = YES;
				GCC_WARN_UNINITIALIZED_AUTOS = YES_AGGRESSIVE;
				GCC_WARN_UNUSED_FUNCTION = YES;
				GCC_WARN_UNUSED_VARIABLE = YES;
				IPHONEOS_DEPLOYMENT_TARGET = 9.3;
				MTL_ENABLE_DEBUG_INFO = NO;
				SDKROOT = iphoneos;
				TARGETED_DEVICE_FAMILY = "1,2";
				VALIDATE_PRODUCT = YES;
			};
			name = Release;
		};
		95DF745E1CD7F09C00EF91B2 /* Debug */ = {
			isa = XCBuildConfiguration;
			buildSettings = {
				ASSETCATALOG_COMPILER_APPICON_NAME = AppIcon;
				INFOPLIST_FILE = "wckiev-api-swift/Info.plist";
				LD_RUNPATH_SEARCH_PATHS = "$(inherited) @executable_path/Frameworks";
				PRODUCT_BUNDLE_IDENTIFIER = "MSV.wckiev-api-swift";
				PRODUCT_NAME = "$(TARGET_NAME)";
			};
			name = Debug;
		};
		95DF745F1CD7F09C00EF91B2 /* Release */ = {
			isa = XCBuildConfiguration;
			buildSettings = {
				ASSETCATALOG_COMPILER_APPICON_NAME = AppIcon;
				INFOPLIST_FILE = "wckiev-api-swift/Info.plist";
				LD_RUNPATH_SEARCH_PATHS = "$(inherited) @executable_path/Frameworks";
				PRODUCT_BUNDLE_IDENTIFIER = "MSV.wckiev-api-swift";
				PRODUCT_NAME = "$(TARGET_NAME)";
			};
			name = Release;
		};
/* End XCBuildConfiguration section */

/* Begin XCConfigurationList section */
		95DF74461CD7F09C00EF91B2 /* Build configuration list for PBXProject "wckiev-api-swift" */ = {
			isa = XCConfigurationList;
			buildConfigurations = (
				95DF745B1CD7F09C00EF91B2 /* Debug */,
				95DF745C1CD7F09C00EF91B2 /* Release */,
			);
			defaultConfigurationIsVisible = 0;
			defaultConfigurationName = Release;
		};
		95DF745D1CD7F09C00EF91B2 /* Build configuration list for PBXNativeTarget "wckiev-api-swift" */ = {
			isa = XCConfigurationList;
			buildConfigurations = (
				95DF745E1CD7F09C00EF91B2 /* Debug */,
				95DF745F1CD7F09C00EF91B2 /* Release */,
			);
			defaultConfigurationIsVisible = 0;
		};
/* End XCConfigurationList section */
	};
	rootObject = 95DF74431CD7F09C00EF91B2 /* Project object */;
}
